
Microsoft Visual Studio Solution File, Format Version 12.00
# Visual Studio Version 16
VisualStudioVersion = 16.0.30330.147
MinimumVisualStudioVersion = 10.0.40219.1
Project("{8BC9CEB8-8B4A-11D0-8D11-00A0C91BC942}") = "MineSweeper", "MineSweeper.vcxproj", "{082224D5-E5C8-478C-81FE-7E2FE4D4D490}"
EndProject
Global
	GlobalSection(SolutionConfigurationPlatforms) = preSolution
		Debug|x64 = Debug|x64
		Debug|x86 = Debug|x86
		Release|x64 = Release|x64
		Release|x86 = Release|x86
	EndGlobalSection
	GlobalSection(ProjectConfigurationPlatforms) = postSolution
		{082224D5-E5C8-478C-81FE-7E2FE4D4D490}.Debug|x64.ActiveCfg = Debug|x64
		{082224D5-E5C8-478C-81FE-7E2FE4D4D490}.Debug|x64.Build.0 = Debug|x64
		{082224D5-E5C8-478C-81FE-7E2FE4D4D490}.Debug|x86.ActiveCfg = Debug|Win32
		{082224D5-E5C8-478C-81FE-7E2FE4D4D490}.Debug|x86.Build.0 = Debug|Win32
		{082224D5-E5C8-478C-81FE-7E2FE4D4D490}.Release|x64.ActiveCfg = Release|x64
		{082224D5-E5C8-478C-81FE-7E2FE4D4D490}.Release|x64.Build.0 = Release|x64
		{082224D5-E5C8-478C-81FE-7E2FE4D4D490}.Release|x86.ActiveCfg = Release|Win32
		{082224D5-E5C8-478C-81FE-7E2FE4D4D490}.Release|x86.Build.0 = Release|Win32
	EndGlobalSection
	GlobalSection(SolutionProperties) = preSolution
		HideSolutionNode = FALSE
	EndGlobalSection
	GlobalSection(ExtensibilityGlobals) = postSolution
		SolutionGuid = {1E46B366-DD3A-464D-8D52-95E18DCD8422}
	EndGlobalSection
EndGlobal
